
Microsoft Visual Studio Solution File, Format Version 12.00
# Visual Studio Version 17
VisualStudioVersion = 17.8.34330.188
MinimumVisualStudioVersion = 10.0.40219.1
Project("{FAE04EC0-301F-11D3-BF4B-00C04F79EFBC}") = "Number guessing C#", "Number guessing C#\Number guessing C#.csproj", "{B5637A3A-39DC-4E90-BFB2-0BE9014DC8FE}"
EndProject
Global
	GlobalSection(SolutionConfigurationPlatforms) = preSolution
		Debug|Any CPU = Debug|Any CPU
		Release|Any CPU = Release|Any CPU
	EndGlobalSection
	GlobalSection(ProjectConfigurationPlatforms) = postSolution
		{B5637A3A-39DC-4E90-BFB2-0BE9014DC8FE}.Debug|Any CPU.ActiveCfg = Debug|Any CPU
		{B5637A3A-39DC-4E90-BFB2-0BE9014DC8FE}.Debug|Any CPU.Build.0 = Debug|Any CPU
		{B5637A3A-39DC-4E90-BFB2-0BE9014DC8FE}.Release|Any CPU.ActiveCfg = Release|Any CPU
		{B5637A3A-39DC-4E90-BFB2-0BE9014DC8FE}.Release|Any CPU.Build.0 = Release|Any CPU
	EndGlobalSection
	GlobalSection(SolutionProperties) = preSolution
		HideSolutionNode = FALSE
	EndGlobalSection
	GlobalSection(ExtensibilityGlobals) = postSolution
		SolutionGuid = {ADB85428-D068-402A-B3A4-BBFF2A1A5391}
	EndGlobalSection
EndGlobal
